
Microsoft Visual Studio Solution File, Format Version 12.00
# Visual Studio Version 16
VisualStudioVersion = 16.0.30002.166
MinimumVisualStudioVersion = 15.0.26124.0
Project("{9A19103F-16F7-4668-BE54-9A1E7A4F7556}") = "AnalyticAPI", "AnalyticAPI\AnalyticAPI.csproj", "{503452FA-D49C-4121-AF86-2C269433FC6B}"
EndProject
Project("{9A19103F-16F7-4668-BE54-9A1E7A4F7556}") = "CommonCoreLibrary", "CommonCoreLibrary\CommonCoreLibrary.csproj", "{0383332E-EAC7-4532-A129-D3A2CEA61855}"
EndProject
Project("{9A19103F-16F7-4668-BE54-9A1E7A4F7556}") = "PeopleAnalysisML.Model", "PeopleAnalysisML.Model\PeopleAnalysisML.Model.csproj", "{EFC85F75-9D5C-4FA0-BC1C-76244BF432B6}"
EndProject
Global
	GlobalSection(SolutionConfigurationPlatforms) = preSolution
		Debug|Any CPU = Debug|Any CPU
		Debug|x64 = Debug|x64
		Debug|x86 = Debug|x86
		Release|Any CPU = Release|Any CPU
		Release|x64 = Release|x64
		Release|x86 = Release|x86
	EndGlobalSection
	GlobalSection(ProjectConfigurationPlatforms) = postSolution
		{503452FA-D49C-4121-AF86-2C269433FC6B}.Debug|Any CPU.ActiveCfg = Debug|Any CPU
		{503452FA-D49C-4121-AF86-2C269433FC6B}.Debug|Any CPU.Build.0 = Debug|Any CPU
		{503452FA-D49C-4121-AF86-2C269433FC6B}.Debug|x64.ActiveCfg = Debug|Any CPU
		{503452FA-D49C-4121-AF86-2C269433FC6B}.Debug|x64.Build.0 = Debug|Any CPU
		{503452FA-D49C-4121-AF86-2C269433FC6B}.Debug|x86.ActiveCfg = Debug|Any CPU
		{503452FA-D49C-4121-AF86-2C269433FC6B}.Debug|x86.Build.0 = Debug|Any CPU
		{503452FA-D49C-4121-AF86-2C269433FC6B}.Release|Any CPU.ActiveCfg = Release|Any CPU
		{503452FA-D49C-4121-AF86-2C269433FC6B}.Release|Any CPU.Build.0 = Release|Any CPU
		{503452FA-D49C-4121-AF86-2C269433FC6B}.Release|x64.ActiveCfg = Release|Any CPU
		{503452FA-D49C-4121-AF86-2C269433FC6B}.Release|x64.Build.0 = Release|Any CPU
		{503452FA-D49C-4121-AF86-2C269433FC6B}.Release|x86.ActiveCfg = Release|Any CPU
		{503452FA-D49C-4121-AF86-2C269433FC6B}.Release|x86.Build.0 = Release|Any CPU
		{0383332E-EAC7-4532-A129-D3A2CEA61855}.Debug|Any CPU.ActiveCfg = Debug|Any CPU
		{0383332E-EAC7-4532-A129-D3A2CEA61855}.Debug|Any CPU.Build.0 = Debug|Any CPU
		{0383332E-EAC7-4532-A129-D3A2CEA61855}.Debug|x64.ActiveCfg = Debug|Any CPU
		{0383332E-EAC7-4532-A129-D3A2CEA61855}.Debug|x64.Build.0 = Debug|Any CPU
		{0383332E-EAC7-4532-A129-D3A2CEA61855}.Debug|x86.ActiveCfg = Debug|Any CPU
		{0383332E-EAC7-4532-A129-D3A2CEA61855}.Debug|x86.Build.0 = Debug|Any CPU
		{0383332E-EAC7-4532-A129-D3A2CEA61855}.Release|Any CPU.ActiveCfg = Release|Any CPU
		{0383332E-EAC7-4532-A129-D3A2CEA61855}.Release|Any CPU.Build.0 = Release|Any CPU
		{0383332E-EAC7-4532-A129-D3A2CEA61855}.Release|x64.ActiveCfg = Release|Any CPU
		{0383332E-EAC7-4532-A129-D3A2CEA61855}.Release|x64.Build.0 = Release|Any CPU
		{0383332E-EAC7-4532-A129-D3A2CEA61855}.Release|x86.ActiveCfg = Release|Any CPU
		{0383332E-EAC7-4532-A129-D3A2CEA61855}.Release|x86.Build.0 = Release|Any CPU
		{EFC85F75-9D5C-4FA0-BC1C-76244BF432B6}.Debug|Any CPU.ActiveCfg = Debug|Any CPU
		{EFC85F75-9D5C-4FA0-BC1C-76244BF432B6}.Debug|Any CPU.Build.0 = Debug|Any CPU
		{EFC85F75-9D5C-4FA0-BC1C-76244BF432B6}.Debug|x64.ActiveCfg = Debug|Any CPU
		{EFC85F75-9D5C-4FA0-BC1C-76244BF432B6}.Debug|x64.Build.0 = Debug|Any CPU
		{EFC85F75-9D5C-4FA0-BC1C-76244BF432B6}.Debug|x86.ActiveCfg = Debug|Any CPU
		{EFC85F75-9D5C-4FA0-BC1C-76244BF432B6}.Debug|x86.Build.0 = Debug|Any CPU
		{EFC85F75-9D5C-4FA0-BC1C-76244BF432B6}.Release|Any CPU.ActiveCfg = Release|Any CPU
		{EFC85F75-9D5C-4FA0-BC1C-76244BF432B6}.Release|Any CPU.Build.0 = Release|Any CPU
		{EFC85F75-9D5C-4FA0-BC1C-76244BF432B6}.Release|x64.ActiveCfg = Release|Any CPU
		{EFC85F75-9D5C-4FA0-BC1C-76244BF432B6}.Release|x64.Build.0 = Release|Any CPU
		{EFC85F75-9D5C-4FA0-BC1C-76244BF432B6}.Release|x86.ActiveCfg = Release|Any CPU
		{EFC85F75-9D5C-4FA0-BC1C-76244BF432B6}.Release|x86.Build.0 = Release|Any CPU
	EndGlobalSection
	GlobalSection(SolutionProperties) = preSolution
		HideSolutionNode = FALSE
	EndGlobalSection
	GlobalSection(ExtensibilityGlobals) = postSolution
		SolutionGuid = {7EB5CCDA-3AAC-4DA4-B67A-F61D34A11DD7}
	EndGlobalSection
EndGlobal
