
Microsoft Visual Studio Solution File, Format Version 12.00
# Visual Studio Version 16
VisualStudioVersion = 16.0.30002.166
MinimumVisualStudioVersion = 15.0.26124.0
Project("{9A19103F-16F7-4668-BE54-9A1E7A4F7556}") = "PeopleAnalisysAPI", "PeopleAnalisysAPI\PeopleAnalisysAPI.csproj", "{59B7C68A-13E1-4551-8E71-C4684611BBB7}"
EndProject
Project("{9A19103F-16F7-4668-BE54-9A1E7A4F7556}") = "CommonCoreLibrary", "CommonCoreLibrary\CommonCoreLibrary.csproj", "{3C446406-935C-40D6-A527-BB5AB462B711}"
EndProject
Global
	GlobalSection(SolutionConfigurationPlatforms) = preSolution
		Debug|Any CPU = Debug|Any CPU
		Debug|x64 = Debug|x64
		Debug|x86 = Debug|x86
		Release|Any CPU = Release|Any CPU
		Release|x64 = Release|x64
		Release|x86 = Release|x86
	EndGlobalSection
	GlobalSection(ProjectConfigurationPlatforms) = postSolution
		{59B7C68A-13E1-4551-8E71-C4684611BBB7}.Debug|Any CPU.ActiveCfg = Debug|Any CPU
		{59B7C68A-13E1-4551-8E71-C4684611BBB7}.Debug|Any CPU.Build.0 = Debug|Any CPU
		{59B7C68A-13E1-4551-8E71-C4684611BBB7}.Debug|x64.ActiveCfg = Debug|Any CPU
		{59B7C68A-13E1-4551-8E71-C4684611BBB7}.Debug|x64.Build.0 = Debug|Any CPU
		{59B7C68A-13E1-4551-8E71-C4684611BBB7}.Debug|x86.ActiveCfg = Debug|Any CPU
		{59B7C68A-13E1-4551-8E71-C4684611BBB7}.Debug|x86.Build.0 = Debug|Any CPU
		{59B7C68A-13E1-4551-8E71-C4684611BBB7}.Release|Any CPU.ActiveCfg = Release|Any CPU
		{59B7C68A-13E1-4551-8E71-C4684611BBB7}.Release|Any CPU.Build.0 = Release|Any CPU
		{59B7C68A-13E1-4551-8E71-C4684611BBB7}.Release|x64.ActiveCfg = Release|Any CPU
		{59B7C68A-13E1-4551-8E71-C4684611BBB7}.Release|x64.Build.0 = Release|Any CPU
		{59B7C68A-13E1-4551-8E71-C4684611BBB7}.Release|x86.ActiveCfg = Release|Any CPU
		{59B7C68A-13E1-4551-8E71-C4684611BBB7}.Release|x86.Build.0 = Release|Any CPU
		{3C446406-935C-40D6-A527-BB5AB462B711}.Debug|Any CPU.ActiveCfg = Debug|Any CPU
		{3C446406-935C-40D6-A527-BB5AB462B711}.Debug|Any CPU.Build.0 = Debug|Any CPU
		{3C446406-935C-40D6-A527-BB5AB462B711}.Debug|x64.ActiveCfg = Debug|Any CPU
		{3C446406-935C-40D6-A527-BB5AB462B711}.Debug|x64.Build.0 = Debug|Any CPU
		{3C446406-935C-40D6-A527-BB5AB462B711}.Debug|x86.ActiveCfg = Debug|Any CPU
		{3C446406-935C-40D6-A527-BB5AB462B711}.Debug|x86.Build.0 = Debug|Any CPU
		{3C446406-935C-40D6-A527-BB5AB462B711}.Release|Any CPU.ActiveCfg = Release|Any CPU
		{3C446406-935C-40D6-A527-BB5AB462B711}.Release|Any CPU.Build.0 = Release|Any CPU
		{3C446406-935C-40D6-A527-BB5AB462B711}.Release|x64.ActiveCfg = Release|Any CPU
		{3C446406-935C-40D6-A527-BB5AB462B711}.Release|x64.Build.0 = Release|Any CPU
		{3C446406-935C-40D6-A527-BB5AB462B711}.Release|x86.ActiveCfg = Release|Any CPU
		{3C446406-935C-40D6-A527-BB5AB462B711}.Release|x86.Build.0 = Release|Any CPU
	EndGlobalSection
	GlobalSection(SolutionProperties) = preSolution
		HideSolutionNode = FALSE
	EndGlobalSection
	GlobalSection(ExtensibilityGlobals) = postSolution
		SolutionGuid = {E6A2F679-188D-4CA1-BE42-FA491F118BB9}
	EndGlobalSection
EndGlobal
